
Microsoft Visual Studio Solution File, Format Version 12.00
# Visual Studio Version 16
VisualStudioVersion = 16.0.30204.135
MinimumVisualStudioVersion = 10.0.40219.1
Project("{FAE04EC0-301F-11D3-BF4B-00C04F79EFBC}") = "AdminLTE.MVC", "AdminLTE.MVC\AdminLTE.MVC.csproj", "{833CFD25-C3D5-4D9B-AAFB-8FA786B98FBC}"
EndProject
Global
	GlobalSection(SolutionConfigurationPlatforms) = preSolution
		Debug|Any CPU = Debug|Any CPU
		Release|Any CPU = Release|Any CPU
	EndGlobalSection
	GlobalSection(ProjectConfigurationPlatforms) = postSolution
		{833CFD25-C3D5-4D9B-AAFB-8FA786B98FBC}.Debug|Any CPU.ActiveCfg = Debug|Any CPU
		{833CFD25-C3D5-4D9B-AAFB-8FA786B98FBC}.Debug|Any CPU.Build.0 = Debug|Any CPU
		{833CFD25-C3D5-4D9B-AAFB-8FA786B98FBC}.Release|Any CPU.ActiveCfg = Release|Any CPU
		{833CFD25-C3D5-4D9B-AAFB-8FA786B98FBC}.Release|Any CPU.Build.0 = Release|Any CPU
	EndGlobalSection
	GlobalSection(SolutionProperties) = preSolution
		HideSolutionNode = FALSE
	EndGlobalSection
	GlobalSection(ExtensibilityGlobals) = postSolution
		SolutionGuid = {6A5990E5-F08C-4574-B30F-5DABEBA05C0F}
	EndGlobalSection
EndGlobal
